
Microsoft Visual Studio Solution File, Format Version 12.00
# Visual Studio Version 16
VisualStudioVersion = 16.0.30225.117
MinimumVisualStudioVersion = 10.0.40219.1
Project("{9092AA53-FB77-4645-B42D-1CCCA6BD08BD}") = "shark-logger", "shark-logger\shark-logger.njsproj", "{FE2699A0-4FA0-4308-ADAB-ECB0765F1F9E}"
EndProject
Global
	GlobalSection(SolutionConfigurationPlatforms) = preSolution
		Debug|Any CPU = Debug|Any CPU
		Release|Any CPU = Release|Any CPU
	EndGlobalSection
	GlobalSection(ProjectConfigurationPlatforms) = postSolution
		{FE2699A0-4FA0-4308-ADAB-ECB0765F1F9E}.Debug|Any CPU.ActiveCfg = Debug|Any CPU
		{FE2699A0-4FA0-4308-ADAB-ECB0765F1F9E}.Debug|Any CPU.Build.0 = Debug|Any CPU
		{FE2699A0-4FA0-4308-ADAB-ECB0765F1F9E}.Release|Any CPU.ActiveCfg = Release|Any CPU
		{FE2699A0-4FA0-4308-ADAB-ECB0765F1F9E}.Release|Any CPU.Build.0 = Release|Any CPU
	EndGlobalSection
	GlobalSection(SolutionProperties) = preSolution
		HideSolutionNode = FALSE
	EndGlobalSection
	GlobalSection(ExtensibilityGlobals) = postSolution
		SolutionGuid = {2BAF554E-5472-46D4-B8B2-CE0192C137DE}
	EndGlobalSection
EndGlobal
